
Microsoft Visual Studio Solution File, Format Version 12.00
# Visual Studio Version 16
VisualStudioVersion = 25.0.1705.4
MinimumVisualStudioVersion = 10.0.40219.1
Project("{FAE04EC0-301F-11D3-BF4B-00C04F79EFBC}") = "MyStore", "MyStore.csproj", "{3FC0AE7B-B19C-49D4-8263-35E2163ADCE6}"
EndProject
Global
	GlobalSection(SolutionConfigurationPlatforms) = preSolution
		Debug|Any CPU = Debug|Any CPU
		Release|Any CPU = Release|Any CPU
	EndGlobalSection
	GlobalSection(ProjectConfigurationPlatforms) = postSolution
		{3FC0AE7B-B19C-49D4-8263-35E2163ADCE6}.Debug|Any CPU.ActiveCfg = Debug|Any CPU
		{3FC0AE7B-B19C-49D4-8263-35E2163ADCE6}.Debug|Any CPU.Build.0 = Debug|Any CPU
		{3FC0AE7B-B19C-49D4-8263-35E2163ADCE6}.Release|Any CPU.ActiveCfg = Release|Any CPU
		{3FC0AE7B-B19C-49D4-8263-35E2163ADCE6}.Release|Any CPU.Build.0 = Release|Any CPU
	EndGlobalSection
	GlobalSection(SolutionProperties) = preSolution
		HideSolutionNode = FALSE
	EndGlobalSection
	GlobalSection(ExtensibilityGlobals) = postSolution
		SolutionGuid = {D2AFA1DF-21FB-45F4-9A1B-E7A3FCCC54DF}
	EndGlobalSection
EndGlobal
